# This file is autogenerated, do not edit; changes may be undone by the next 'dep ensure'.


[[projects]]
  name = "github.com/pkg/errors"
  packages = ["."]
  revision = "645ef00459ed84a119197bfb8d8205042c6df63d"
  version = "v0.8.0"

[[projects]]
  branch = "master"
  name = "github.com/teamwork/test"
  packages = ["."]
  revision = "559f1f9ef83a9d1858c16909fabb14abb61154a9"

[solve-meta]
  analyzer-name = "dep"
  analyzer-version = 1
  inputs-digest = "dc0f74cbb33159e318a0a7eb63612c8498ab4610c789bb6b05a701e6a171d5c6"
  solver-name = "gps-cdcl"
  solver-version = 1
